
Microsoft Visual Studio Solution File, Format Version 12.00
# Visual Studio Version 16
VisualStudioVersion = 16.0.32228.343
MinimumVisualStudioVersion = 10.0.40219.1
Project("{FAE04EC0-301F-11D3-BF4B-00C04F79EFBC}") = "ConsoleApp50", "ConsoleApp50.csproj", "{11BD59C3-EEF1-474F-9F31-C4AB45BE271D}"
EndProject
Global
	GlobalSection(SolutionConfigurationPlatforms) = preSolution
		Debug|Any CPU = Debug|Any CPU
		Release|Any CPU = Release|Any CPU
	EndGlobalSection
	GlobalSection(ProjectConfigurationPlatforms) = postSolution
		{11BD59C3-EEF1-474F-9F31-C4AB45BE271D}.Debug|Any CPU.ActiveCfg = Debug|Any CPU
		{11BD59C3-EEF1-474F-9F31-C4AB45BE271D}.Debug|Any CPU.Build.0 = Debug|Any CPU
		{11BD59C3-EEF1-474F-9F31-C4AB45BE271D}.Release|Any CPU.ActiveCfg = Release|Any CPU
		{11BD59C3-EEF1-474F-9F31-C4AB45BE271D}.Release|Any CPU.Build.0 = Release|Any CPU
	EndGlobalSection
	GlobalSection(SolutionProperties) = preSolution
		HideSolutionNode = FALSE
	EndGlobalSection
	GlobalSection(ExtensibilityGlobals) = postSolution
		SolutionGuid = {0EDAB7CD-39AD-4C7A-8CAB-F02004ED3299}
	EndGlobalSection
EndGlobal
